
Microsoft Visual Studio Solution File, Format Version 12.00
# Visual Studio Version 17
VisualStudioVersion = 17.6.33712.159
MinimumVisualStudioVersion = 10.0.40219.1
Project("{8BC9CEB8-8B4A-11D0-8D11-00A0C91BC942}") = "StringClass", "StringClass.vcxproj", "{7C088864-3DF4-47E1-BB81-1C29C0B25D5A}"
EndProject
Global
	GlobalSection(SolutionConfigurationPlatforms) = preSolution
		Debug|x64 = Debug|x64
		Debug|x86 = Debug|x86
		Release|x64 = Release|x64
		Release|x86 = Release|x86
	EndGlobalSection
	GlobalSection(ProjectConfigurationPlatforms) = postSolution
		{7C088864-3DF4-47E1-BB81-1C29C0B25D5A}.Debug|x64.ActiveCfg = Debug|x64
		{7C088864-3DF4-47E1-BB81-1C29C0B25D5A}.Debug|x64.Build.0 = Debug|x64
		{7C088864-3DF4-47E1-BB81-1C29C0B25D5A}.Debug|x86.ActiveCfg = Debug|Win32
		{7C088864-3DF4-47E1-BB81-1C29C0B25D5A}.Debug|x86.Build.0 = Debug|Win32
		{7C088864-3DF4-47E1-BB81-1C29C0B25D5A}.Release|x64.ActiveCfg = Release|x64
		{7C088864-3DF4-47E1-BB81-1C29C0B25D5A}.Release|x64.Build.0 = Release|x64
		{7C088864-3DF4-47E1-BB81-1C29C0B25D5A}.Release|x86.ActiveCfg = Release|Win32
		{7C088864-3DF4-47E1-BB81-1C29C0B25D5A}.Release|x86.Build.0 = Release|Win32
	EndGlobalSection
	GlobalSection(SolutionProperties) = preSolution
		HideSolutionNode = FALSE
	EndGlobalSection
	GlobalSection(ExtensibilityGlobals) = postSolution
		SolutionGuid = {AAA63F07-E1DA-44FC-A48C-504CF1B11105}
	EndGlobalSection
EndGlobal
